// !$*UTF8*$!
{
	archiveVersion = 1;
	classes = {
	};
	objectVersion = 51;
	objects = {

/* Begin PBXBuildFile section */
		2C7783FB244426EC002F8B54 /* ModifyController.swift in Sources */ = {isa = PBXBuildFile; fileRef = 2C7783FA244426EC002F8B54 /* ModifyController.swift */; };
		2C7CF6D724386D9F00613119 /* AppDelegate.swift in Sources */ = {isa = PBXBuildFile; fileRef = 2C7CF6D624386D9F00613119 /* AppDelegate.swift */; };
		2C7CF6D924386D9F00613119 /* SceneDelegate.swift in Sources */ = {isa = PBXBuildFile; fileRef = 2C7CF6D824386D9F00613119 /* SceneDelegate.swift */; };
		2C7CF6DB24386D9F00613119 /* ViewController.swift in Sources */ = {isa = PBXBuildFile; fileRef = 2C7CF6DA24386D9F00613119 /* ViewController.swift */; };
		2C7CF6DE24386D9F00613119 /* Main.storyboard in Resources */ = {isa = PBXBuildFile; fileRef = 2C7CF6DC24386D9F00613119 /* Main.storyboard */; };
		2C7CF6E124386D9F00613119 /* CS_4153_Quick_Ventory.xcdatamodeld in Sources */ = {isa = PBXBuildFile; fileRef = 2C7CF6DF24386D9F00613119 /* CS_4153_Quick_Ventory.xcdatamodeld */; };
		2C7CF6E324386DA000613119 /* Assets.xcassets in Resources */ = {isa = PBXBuildFile; fileRef = 2C7CF6E224386DA000613119 /* Assets.xcassets */; };
		2C7CF6E624386DA000613119 /* LaunchScreen.storyboard in Resources */ = {isa = PBXBuildFile; fileRef = 2C7CF6E424386DA000613119 /* LaunchScreen.storyboard */; };
		40465F102448923D009F75DE /* BarChartController.swift in Sources */ = {isa = PBXBuildFile; fileRef = 40465F0F2448923D009F75DE /* BarChartController.swift */; };
		40465F122448925C009F75DE /* CircleChartController.swift in Sources */ = {isa = PBXBuildFile; fileRef = 40465F112448925C009F75DE /* CircleChartController.swift */; };
		40892D28243E301C0048E40C /* NewProductController.swift in Sources */ = {isa = PBXBuildFile; fileRef = 40892D27243E301C0048E40C /* NewProductController.swift */; };
		40892D2A2440E4F80048E40C /* InventoryReportsController.swift in Sources */ = {isa = PBXBuildFile; fileRef = 40892D292440E4F80048E40C /* InventoryReportsController.swift */; };
		40892D34244686F20048E40C /* ProductCell.swift in Sources */ = {isa = PBXBuildFile; fileRef = 40892D33244686F20048E40C /* ProductCell.swift */; };
		40892D36244687120048E40C /* ProductController.swift in Sources */ = {isa = PBXBuildFile; fileRef = 40892D35244687120048E40C /* ProductController.swift */; };
		84109BE9243E432C00CE4814 /* LoginScreenController.swift in Sources */ = {isa = PBXBuildFile; fileRef = 84109BE8243E432C00CE4814 /* LoginScreenController.swift */; };
		84109BEE243E435600CE4814 /* BroadCategoryCell.swift in Sources */ = {isa = PBXBuildFile; fileRef = 84109BEA243E435600CE4814 /* BroadCategoryCell.swift */; };
		84109BEF243E435600CE4814 /* CategoryController.swift in Sources */ = {isa = PBXBuildFile; fileRef = 84109BEB243E435600CE4814 /* CategoryController.swift */; };
		84109BF0243E435600CE4814 /* CategoryCell.swift in Sources */ = {isa = PBXBuildFile; fileRef = 84109BEC243E435600CE4814 /* CategoryCell.swift */; };
		84109BF1243E435600CE4814 /* BroadCategoryController.swift in Sources */ = {isa = PBXBuildFile; fileRef = 84109BED243E435600CE4814 /* BroadCategoryController.swift */; };
		84109BF4243E436400CE4814 /* SignUpController.swift in Sources */ = {isa = PBXBuildFile; fileRef = 84109BF2243E436400CE4814 /* SignUpController.swift */; };
		84109BF5243E436400CE4814 /* UserProfileController.swift in Sources */ = {isa = PBXBuildFile; fileRef = 84109BF3243E436400CE4814 /* UserProfileController.swift */; };
		84393BC9244143DC00B031DA /* SignUpRestViewController.swift in Sources */ = {isa = PBXBuildFile; fileRef = 84393BC8244143DC00B031DA /* SignUpRestViewController.swift */; };
		84393BCB2441442900B031DA /* SignUpUserViewController.swift in Sources */ = {isa = PBXBuildFile; fileRef = 84393BCA2441442900B031DA /* SignUpUserViewController.swift */; };
/* End PBXBuildFile section */

/* Begin PBXFileReference section */
		2C7783FA244426EC002F8B54 /* ModifyController.swift */ = {isa = PBXFileReference; lastKnownFileType = sourcecode.swift; path = ModifyController.swift; sourceTree = "<group>"; };
		2C7CF6D324386D9F00613119 /* CS-4153-Quick-Ventory.app */ = {isa = PBXFileReference; explicitFileType = wrapper.application; includeInIndex = 0; path = "CS-4153-Quick-Ventory.app"; sourceTree = BUILT_PRODUCTS_DIR; };
		2C7CF6D624386D9F00613119 /* AppDelegate.swift */ = {isa = PBXFileReference; lastKnownFileType = sourcecode.swift; path = AppDelegate.swift; sourceTree = "<group>"; };
		2C7CF6D824386D9F00613119 /* SceneDelegate.swift */ = {isa = PBXFileReference; lastKnownFileType = sourcecode.swift; path = SceneDelegate.swift; sourceTree = "<group>"; };
		2C7CF6DA24386D9F00613119 /* ViewController.swift */ = {isa = PBXFileReference; lastKnownFileType = sourcecode.swift; path = ViewController.swift; sourceTree = "<group>"; };
		2C7CF6DD24386D9F00613119 /* Base */ = {isa = PBXFileReference; lastKnownFileType = file.storyboard; name = Base; path = Base.lproj/Main.storyboard; sourceTree = "<group>"; };
		2C7CF6E024386D9F00613119 /* CS_4153_Quick_Ventory.xcdatamodel */ = {isa = PBXFileReference; lastKnownFileType = wrapper.xcdatamodel; path = CS_4153_Quick_Ventory.xcdatamodel; sourceTree = "<group>"; };
		2C7CF6E224386DA000613119 /* Assets.xcassets */ = {isa = PBXFileReference; lastKnownFileType = folder.assetcatalog; path = Assets.xcassets; sourceTree = "<group>"; };
		2C7CF6E524386DA000613119 /* Base */ = {isa = PBXFileReference; lastKnownFileType = file.storyboard; name = Base; path = Base.lproj/LaunchScreen.storyboard; sourceTree = "<group>"; };
		2C7CF6E724386DA000613119 /* Info.plist */ = {isa = PBXFileReference; lastKnownFileType = text.plist.xml; path = Info.plist; sourceTree = "<group>"; };
		40465F0F2448923D009F75DE /* BarChartController.swift */ = {isa = PBXFileReference; lastKnownFileType = sourcecode.swift; path = BarChartController.swift; sourceTree = "<group>"; };
		40465F112448925C009F75DE /* CircleChartController.swift */ = {isa = PBXFileReference; lastKnownFileType = sourcecode.swift; path = CircleChartController.swift; sourceTree = "<group>"; };
		40892D27243E301C0048E40C /* NewProductController.swift */ = {isa = PBXFileReference; lastKnownFileType = sourcecode.swift; path = NewProductController.swift; sourceTree = "<group>"; };
		40892D292440E4F80048E40C /* InventoryReportsController.swift */ = {isa = PBXFileReference; lastKnownFileType = sourcecode.swift; path = InventoryReportsController.swift; sourceTree = "<group>"; };
		40892D33244686F20048E40C /* ProductCell.swift */ = {isa = PBXFileReference; lastKnownFileType = sourcecode.swift; path = ProductCell.swift; sourceTree = "<group>"; };
		40892D35244687120048E40C /* ProductController.swift */ = {isa = PBXFileReference; lastKnownFileType = sourcecode.swift; path = ProductController.swift; sourceTree = "<group>"; };
		84109BE8243E432C00CE4814 /* LoginScreenController.swift */ = {isa = PBXFileReference; fileEncoding = 4; lastKnownFileType = sourcecode.swift; path = LoginScreenController.swift; sourceTree = "<group>"; };
		84109BEA243E435600CE4814 /* BroadCategoryCell.swift */ = {isa = PBXFileReference; fileEncoding = 4; lastKnownFileType = sourcecode.swift; path = BroadCategoryCell.swift; sourceTree = "<group>"; };
		84109BEB243E435600CE4814 /* CategoryController.swift */ = {isa = PBXFileReference; fileEncoding = 4; lastKnownFileType = sourcecode.swift; path = CategoryController.swift; sourceTree = "<group>"; };
		84109BEC243E435600CE4814 /* CategoryCell.swift */ = {isa = PBXFileReference; fileEncoding = 4; lastKnownFileType = sourcecode.swift; path = CategoryCell.swift; sourceTree = "<group>"; };
		84109BED243E435600CE4814 /* BroadCategoryController.swift */ = {isa = PBXFileReference; fileEncoding = 4; lastKnownFileType = sourcecode.swift; path = BroadCategoryController.swift; sourceTree = "<group>"; };
		84109BF2243E436400CE4814 /* SignUpController.swift */ = {isa = PBXFileReference; fileEncoding = 4; lastKnownFileType = sourcecode.swift; path = SignUpController.swift; sourceTree = "<group>"; };
		84109BF3243E436400CE4814 /* UserProfileController.swift */ = {isa = PBXFileReference; fileEncoding = 4; lastKnownFileType = sourcecode.swift; path = UserProfileController.swift; sourceTree = "<group>"; };
		84393BC8244143DC00B031DA /* SignUpRestViewController.swift */ = {isa = PBXFileReference; lastKnownFileType = sourcecode.swift; path = SignUpRestViewController.swift; sourceTree = "<group>"; };
		84393BCA2441442900B031DA /* SignUpUserViewController.swift */ = {isa = PBXFileReference; lastKnownFileType = sourcecode.swift; path = SignUpUserViewController.swift; sourceTree = "<group>"; };
/* End PBXFileReference section */

/* Begin PBXFrameworksBuildPhase section */
		2C7CF6D024386D9F00613119 /* Frameworks */ = {
			isa = PBXFrameworksBuildPhase;
			buildActionMask = 2147483647;
			files = (
			);
			runOnlyForDeploymentPostprocessing = 0;
		};
/* End PBXFrameworksBuildPhase section */

/* Begin PBXGroup section */
		2C7CF6CA24386D9F00613119 = {
			isa = PBXGroup;
			children = (
				2C7CF6D524386D9F00613119 /* CS-4153-Quick-Ventory */,
				2C7CF6D424386D9F00613119 /* Products */,
			);
			sourceTree = "<group>";
		};
		2C7CF6D424386D9F00613119 /* Products */ = {
			isa = PBXGroup;
			children = (
				2C7CF6D324386D9F00613119 /* CS-4153-Quick-Ventory.app */,
			);
			name = Products;
			sourceTree = "<group>";
		};
		2C7CF6D524386D9F00613119 /* CS-4153-Quick-Ventory */ = {
			isa = PBXGroup;
			children = (
				2C7CF6D624386D9F00613119 /* AppDelegate.swift */,
				2C7CF6D824386D9F00613119 /* SceneDelegate.swift */,
				2C7CF6DA24386D9F00613119 /* ViewController.swift */,
				2C7CF6DC24386D9F00613119 /* Main.storyboard */,
				40892D33244686F20048E40C /* ProductCell.swift */,
				40892D35244687120048E40C /* ProductController.swift */,
				2C7783FA244426EC002F8B54 /* ModifyController.swift */,
				40892D292440E4F80048E40C /* InventoryReportsController.swift */,
				40465F0F2448923D009F75DE /* BarChartController.swift */,
				40465F112448925C009F75DE /* CircleChartController.swift */,
				84109BF2243E436400CE4814 /* SignUpController.swift */,
				84109BF3243E436400CE4814 /* UserProfileController.swift */,
				84109BEA243E435600CE4814 /* BroadCategoryCell.swift */,
				84109BED243E435600CE4814 /* BroadCategoryController.swift */,
				84109BEC243E435600CE4814 /* CategoryCell.swift */,
				84109BEB243E435600CE4814 /* CategoryController.swift */,
				84109BE8243E432C00CE4814 /* LoginScreenController.swift */,
				40892D27243E301C0048E40C /* NewProductController.swift */,
				2C7CF6E224386DA000613119 /* Assets.xcassets */,
				2C7CF6E424386DA000613119 /* LaunchScreen.storyboard */,
				2C7CF6E724386DA000613119 /* Info.plist */,
				2C7CF6DF24386D9F00613119 /* CS_4153_Quick_Ventory.xcdatamodeld */,
				84393BC8244143DC00B031DA /* SignUpRestViewController.swift */,
				84393BCA2441442900B031DA /* SignUpUserViewController.swift */,
			);
			path = "CS-4153-Quick-Ventory";
			sourceTree = "<group>";
		};
/* End PBXGroup section */

/* Begin PBXNativeTarget section */
		2C7CF6D224386D9F00613119 /* CS-4153-Quick-Ventory */ = {
			isa = PBXNativeTarget;
			buildConfigurationList = 2C7CF6EA24386DA000613119 /* Build configuration list for PBXNativeTarget "CS-4153-Quick-Ventory" */;
			buildPhases = (
				2C7CF6CF24386D9F00613119 /* Sources */,
				2C7CF6D024386D9F00613119 /* Frameworks */,
				2C7CF6D124386D9F00613119 /* Resources */,
			);
			buildRules = (
			);
			dependencies = (
			);
			name = "CS-4153-Quick-Ventory";
			productName = "CS-4153-Quick-Ventory";
			productReference = 2C7CF6D324386D9F00613119 /* CS-4153-Quick-Ventory.app */;
			productType = "com.apple.product-type.application";
		};
/* End PBXNativeTarget section */

/* Begin PBXProject section */
		2C7CF6CB24386D9F00613119 /* Project object */ = {
			isa = PBXProject;
			attributes = {
				LastSwiftUpdateCheck = 1130;
				LastUpgradeCheck = 1130;
				ORGANIZATIONNAME = "Oklahoma State University";
				TargetAttributes = {
					2C7CF6D224386D9F00613119 = {
						CreatedOnToolsVersion = 11.3.1;
					};
				};
			};
			buildConfigurationList = 2C7CF6CE24386D9F00613119 /* Build configuration list for PBXProject "CS-4153-Quick-Ventory" */;
			compatibilityVersion = "Xcode 9.3";
			developmentRegion = en;
			hasScannedForEncodings = 0;
			knownRegions = (
				en,
				Base,
			);
			mainGroup = 2C7CF6CA24386D9F00613119;
			productRefGroup = 2C7CF6D424386D9F00613119 /* Products */;
			projectDirPath = "";
			projectRoot = "";
			targets = (
				2C7CF6D224386D9F00613119 /* CS-4153-Quick-Ventory */,
			);
		};
/* End PBXProject section */

/* Begin PBXResourcesBuildPhase section */
		2C7CF6D124386D9F00613119 /* Resources */ = {
			isa = PBXResourcesBuildPhase;
			buildActionMask = 2147483647;
			files = (
				2C7CF6E624386DA000613119 /* LaunchScreen.storyboard in Resources */,
				2C7CF6E324386DA000613119 /* Assets.xcassets in Resources */,
				2C7CF6DE24386D9F00613119 /* Main.storyboard in Resources */,
			);
			runOnlyForDeploymentPostprocessing = 0;
		};
/* End PBXResourcesBuildPhase section */

/* Begin PBXSourcesBuildPhase section */
		2C7CF6CF24386D9F00613119 /* Sources */ = {
			isa = PBXSourcesBuildPhase;
			buildActionMask = 2147483647;
			files = (
				40892D28243E301C0048E40C /* NewProductController.swift in Sources */,
				40892D36244687120048E40C /* ProductController.swift in Sources */,
				40465F122448925C009F75DE /* CircleChartController.swift in Sources */,
				84109BEE243E435600CE4814 /* BroadCategoryCell.swift in Sources */,
				40465F102448923D009F75DE /* BarChartController.swift in Sources */,
				84109BF5243E436400CE4814 /* UserProfileController.swift in Sources */,
				2C7CF6DB24386D9F00613119 /* ViewController.swift in Sources */,
				84393BC9244143DC00B031DA /* SignUpRestViewController.swift in Sources */,
				2C7CF6D724386D9F00613119 /* AppDelegate.swift in Sources */,
				2C7CF6E124386D9F00613119 /* CS_4153_Quick_Ventory.xcdatamodeld in Sources */,
				84109BF0243E435600CE4814 /* CategoryCell.swift in Sources */,
				84109BF1243E435600CE4814 /* BroadCategoryController.swift in Sources */,
				84393BCB2441442900B031DA /* SignUpUserViewController.swift in Sources */,
				84109BEF243E435600CE4814 /* CategoryController.swift in Sources */,
				2C7CF6D924386D9F00613119 /* SceneDelegate.swift in Sources */,
				40892D34244686F20048E40C /* ProductCell.swift in Sources */,
				40892D2A2440E4F80048E40C /* InventoryReportsController.swift in Sources */,
				2C7783FB244426EC002F8B54 /* ModifyController.swift in Sources */,
				84109BF4243E436400CE4814 /* SignUpController.swift in Sources */,
				84109BE9243E432C00CE4814 /* LoginScreenController.swift in Sources */,
			);
			runOnlyForDeploymentPostprocessing = 0;
		};
/* End PBXSourcesBuildPhase section */

/* Begin PBXVariantGroup section */
		2C7CF6DC24386D9F00613119 /* Main.storyboard */ = {
			isa = PBXVariantGroup;
			children = (
				2C7CF6DD24386D9F00613119 /* Base */,
			);
			name = Main.storyboard;
			sourceTree = "<group>";
		};
		2C7CF6E424386DA000613119 /* LaunchScreen.storyboard */ = {
			isa = PBXVariantGroup;
			children = (
				2C7CF6E524386DA000613119 /* Base */,
			);
			name = LaunchScreen.storyboard;
			sourceTree = "<group>";
		};
/* End PBXVariantGroup section */

/* Begin XCBuildConfiguration section */
		2C7CF6E824386DA000613119 /* Debug */ = {
			isa = XCBuildConfiguration;
			buildSettings = {
				ALWAYS_SEARCH_USER_PATHS = NO;
				CLANG_ANALYZER_NONNULL = YES;
				CLANG_ANALYZER_NUMBER_OBJECT_CONVERSION = YES_AGGRESSIVE;
				CLANG_CXX_LANGUAGE_STANDARD = "gnu++14";
				CLANG_CXX_LIBRARY = "libc++";
				CLANG_ENABLE_MODULES = YES;
				CLANG_ENABLE_OBJC_ARC = YES;
				CLANG_ENABLE_OBJC_WEAK = YES;
				CLANG_WARN_BLOCK_CAPTURE_AUTORELEASING = YES;
				CLANG_WARN_BOOL_CONVERSION = YES;
				CLANG_WARN_COMMA = YES;
				CLANG_WARN_CONSTANT_CONVERSION = YES;
				CLANG_WARN_DEPRECATED_OBJC_IMPLEMENTATIONS = YES;
				CLANG_WARN_DIRECT_OBJC_ISA_USAGE = YES_ERROR;
				CLANG_WARN_DOCUMENTATION_COMMENTS = YES;
				CLANG_WARN_EMPTY_BODY = YES;
				CLANG_WARN_ENUM_CONVERSION = YES;
				CLANG_WARN_INFINITE_RECURSION = YES;
				CLANG_WARN_INT_CONVERSION = YES;
				CLANG_WARN_NON_LITERAL_NULL_CONVERSION = YES;
				CLANG_WARN_OBJC_IMPLICIT_RETAIN_SELF = YES;
				CLANG_WARN_OBJC_LITERAL_CONVERSION = YES;
				CLANG_WARN_OBJC_ROOT_CLASS = YES_ERROR;
				CLANG_WARN_RANGE_LOOP_ANALYSIS = YES;
				CLANG_WARN_STRICT_PROTOTYPES = YES;
				CLANG_WARN_SUSPICIOUS_MOVE = YES;
				CLANG_WARN_UNGUARDED_AVAILABILITY = YES_AGGRESSIVE;
				CLANG_WARN_UNREACHABLE_CODE = YES;
				CLANG_WARN__DUPLICATE_METHOD_MATCH = YES;
				COPY_PHASE_STRIP = NO;
				DEBUG_INFORMATION_FORMAT = dwarf;
				ENABLE_STRICT_OBJC_MSGSEND = YES;
				ENABLE_TESTABILITY = YES;
				GCC_C_LANGUAGE_STANDARD = gnu11;
				GCC_DYNAMIC_NO_PIC = NO;
				GCC_NO_COMMON_BLOCKS = YES;
				GCC_OPTIMIZATION_LEVEL = 0;
				GCC_PREPROCESSOR_DEFINITIONS = (
					"DEBUG=1",
					"$(inherited)",
				);
				GCC_WARN_64_TO_32_BIT_CONVERSION = YES;
				GCC_WARN_ABOUT_RETURN_TYPE = YES_ERROR;
				GCC_WARN_UNDECLARED_SELECTOR = YES;
				GCC_WARN_UNINITIALIZED_AUTOS = YES_AGGRESSIVE;
				GCC_WARN_UNUSED_FUNCTION = YES;
				GCC_WARN_UNUSED_VARIABLE = YES;
				IPHONEOS_DEPLOYMENT_TARGET = 13.2;
				MTL_ENABLE_DEBUG_INFO = INCLUDE_SOURCE;
				MTL_FAST_MATH = YES;
				ONLY_ACTIVE_ARCH = YES;
				SDKROOT = iphoneos;
				SWIFT_ACTIVE_COMPILATION_CONDITIONS = DEBUG;
				SWIFT_OPTIMIZATION_LEVEL = "-Onone";
			};
			name = Debug;
		};
		2C7CF6E924386DA000613119 /* Release */ = {
			isa = XCBuildConfiguration;
			buildSettings = {
				ALWAYS_SEARCH_USER_PATHS = NO;
				CLANG_ANALYZER_NONNULL = YES;
				CLANG_ANALYZER_NUMBER_OBJECT_CONVERSION = YES_AGGRESSIVE;
				CLANG_CXX_LANGUAGE_STANDARD = "gnu++14";
				CLANG_CXX_LIBRARY = "libc++";
				CLANG_ENABLE_MODULES = YES;
				CLANG_ENABLE_OBJC_ARC = YES;
				CLANG_ENABLE_OBJC_WEAK = YES;
				CLANG_WARN_BLOCK_CAPTURE_AUTORELEASING = YES;
				CLANG_WARN_BOOL_CONVERSION = YES;
				CLANG_WARN_COMMA = YES;
				CLANG_WARN_CONSTANT_CONVERSION = YES;
				CLANG_WARN_DEPRECATED_OBJC_IMPLEMENTATIONS = YES;
				CLANG_WARN_DIRECT_OBJC_ISA_USAGE = YES_ERROR;
				CLANG_WARN_DOCUMENTATION_COMMENTS = YES;
				CLANG_WARN_EMPTY_BODY = YES;
				CLANG_WARN_ENUM_CONVERSION = YES;
				CLANG_WARN_INFINITE_RECURSION = YES;
				CLANG_WARN_INT_CONVERSION = YES;
				CLANG_WARN_NON_LITERAL_NULL_CONVERSION = YES;
				CLANG_WARN_OBJC_IMPLICIT_RETAIN_SELF = YES;
				CLANG_WARN_OBJC_LITERAL_CONVERSION = YES;
				CLANG_WARN_OBJC_ROOT_CLASS = YES_ERROR;
				CLANG_WARN_RANGE_LOOP_ANALYSIS = YES;
				CLANG_WARN_STRICT_PROTOTYPES = YES;
				CLANG_WARN_SUSPICIOUS_MOVE = YES;
				CLANG_WARN_UNGUARDED_AVAILABILITY = YES_AGGRESSIVE;
				CLANG_WARN_UNREACHABLE_CODE = YES;
				CLANG_WARN__DUPLICATE_METHOD_MATCH = YES;
				COPY_PHASE_STRIP = NO;
				DEBUG_INFORMATION_FORMAT = "dwarf-with-dsym";
				ENABLE_NS_ASSERTIONS = NO;
				ENABLE_STRICT_OBJC_MSGSEND = YES;
				GCC_C_LANGUAGE_STANDARD = gnu11;
				GCC_NO_COMMON_BLOCKS = YES;
				GCC_WARN_64_TO_32_BIT_CONVERSION = YES;
				GCC_WARN_ABOUT_RETURN_TYPE = YES_ERROR;
				GCC_WARN_UNDECLARED_SELECTOR = YES;
				GCC_WARN_UNINITIALIZED_AUTOS = YES_AGGRESSIVE;
				GCC_WARN_UNUSED_FUNCTION = YES;
				GCC_WARN_UNUSED_VARIABLE = YES;
				IPHONEOS_DEPLOYMENT_TARGET = 13.2;
				MTL_ENABLE_DEBUG_INFO = NO;
				MTL_FAST_MATH = YES;
				SDKROOT = iphoneos;
				SWIFT_COMPILATION_MODE = wholemodule;
				SWIFT_OPTIMIZATION_LEVEL = "-O";
				VALIDATE_PRODUCT = YES;
			};
			name = Release;
		};
		2C7CF6EB24386DA000613119 /* Debug */ = {
			isa = XCBuildConfiguration;
			buildSettings = {
				ASSETCATALOG_COMPILER_APPICON_NAME = AppIcon;
				CODE_SIGN_STYLE = Automatic;
				INFOPLIST_FILE = "CS-4153-Quick-Ventory/Info.plist";
				LD_RUNPATH_SEARCH_PATHS = (
					"$(inherited)",
					"@executable_path/Frameworks",
				);
				PRODUCT_BUNDLE_IDENTIFIER = "OSU.CS-4153-Quick-Ventory";
				PRODUCT_NAME = "$(TARGET_NAME)";
				SWIFT_VERSION = 5.0;
				TARGETED_DEVICE_FAMILY = "1,2";
			};
			name = Debug;
		};
		2C7CF6EC24386DA000613119 /* Release */ = {
			isa = XCBuildConfiguration;
			buildSettings = {
				ASSETCATALOG_COMPILER_APPICON_NAME = AppIcon;
				CODE_SIGN_STYLE = Automatic;
				INFOPLIST_FILE = "CS-4153-Quick-Ventory/Info.plist";
				LD_RUNPATH_SEARCH_PATHS = (
					"$(inherited)",
					"@executable_path/Frameworks",
				);
				PRODUCT_BUNDLE_IDENTIFIER = "OSU.CS-4153-Quick-Ventory";
				PRODUCT_NAME = "$(TARGET_NAME)";
				SWIFT_VERSION = 5.0;
				TARGETED_DEVICE_FAMILY = "1,2";
			};
			name = Release;
		};
/* End XCBuildConfiguration section */

/* Begin XCConfigurationList section */
		2C7CF6CE24386D9F00613119 /* Build configuration list for PBXProject "CS-4153-Quick-Ventory" */ = {
			isa = XCConfigurationList;
			buildConfigurations = (
				2C7CF6E824386DA000613119 /* Debug */,
				2C7CF6E924386DA000613119 /* Release */,
			);
			defaultConfigurationIsVisible = 0;
			defaultConfigurationName = Release;
		};
		2C7CF6EA24386DA000613119 /* Build configuration list for PBXNativeTarget "CS-4153-Quick-Ventory" */ = {
			isa = XCConfigurationList;
			buildConfigurations = (
				2C7CF6EB24386DA000613119 /* Debug */,
				2C7CF6EC24386DA000613119 /* Release */,
			);
			defaultConfigurationIsVisible = 0;
			defaultConfigurationName = Release;
		};
/* End XCConfigurationList section */

/* Begin XCVersionGroup section */
		2C7CF6DF24386D9F00613119 /* CS_4153_Quick_Ventory.xcdatamodeld */ = {
			isa = XCVersionGroup;
			children = (
				2C7CF6E024386D9F00613119 /* CS_4153_Quick_Ventory.xcdatamodel */,
			);
			currentVersion = 2C7CF6E024386D9F00613119 /* CS_4153_Quick_Ventory.xcdatamodel */;
			path = CS_4153_Quick_Ventory.xcdatamodeld;
			sourceTree = "<group>";
			versionGroupType = wrapper.xcdatamodel;
		};
/* End XCVersionGroup section */
	};
	rootObject = 2C7CF6CB24386D9F00613119 /* Project object */;
}
